// !$*UTF8*$!
{
	archiveVersion = 1;
	classes = {
	};
	objectVersion = 55;
	objects = {

/* Begin PBXBuildFile section */
		372CAF812B15458300B7956B /* AppDelegate.swift in Sources */ = {isa = PBXBuildFile; fileRef = 372CAF802B15458300B7956B /* AppDelegate.swift */; };
		372CAF832B15458300B7956B /* SceneDelegate.swift in Sources */ = {isa = PBXBuildFile; fileRef = 372CAF822B15458300B7956B /* SceneDelegate.swift */; };
		372CAF852B15458300B7956B /* ViewController.swift in Sources */ = {isa = PBXBuildFile; fileRef = 372CAF842B15458300B7956B /* ViewController.swift */; };
		372CAF882B15458300B7956B /* Main.storyboard in Resources */ = {isa = PBXBuildFile; fileRef = 372CAF862B15458300B7956B /* Main.storyboard */; };
		372CAF8A2B15458C00B7956B /* Assets.xcassets in Resources */ = {isa = PBXBuildFile; fileRef = 372CAF892B15458C00B7956B /* Assets.xcassets */; };
		372CAF8D2B15458C00B7956B /* LaunchScreen.storyboard in Resources */ = {isa = PBXBuildFile; fileRef = 372CAF8B2B15458C00B7956B /* LaunchScreen.storyboard */; };
		372CAF982B15458D00B7956B /* video_playerTests.swift in Sources */ = {isa = PBXBuildFile; fileRef = 372CAF972B15458D00B7956B /* video_playerTests.swift */; };
		372CAFA22B15458D00B7956B /* video_playerUITests.swift in Sources */ = {isa = PBXBuildFile; fileRef = 372CAFA12B15458D00B7956B /* video_playerUITests.swift */; };
		372CAFA42B15458D00B7956B /* video_playerUITestsLaunchTests.swift in Sources */ = {isa = PBXBuildFile; fileRef = 372CAFA32B15458D00B7956B /* video_playerUITestsLaunchTests.swift */; };
		372CAFB12B1546D100B7956B /* main.storyboard in Resources */ = {isa = PBXBuildFile; fileRef = 372CAFB02B1546D100B7956B /* main.storyboard */; };
		372CAFB32B1555FA00B7956B /* test.mp4 in Resources */ = {isa = PBXBuildFile; fileRef = 372CAFB22B1555FA00B7956B /* test.mp4 */; };
/* End PBXBuildFile section */

/* Begin PBXContainerItemProxy section */
		372CAF942B15458D00B7956B /* PBXContainerItemProxy */ = {
			isa = PBXContainerItemProxy;
			containerPortal = 372CAF752B15458300B7956B /* Project object */;
			proxyType = 1;
			remoteGlobalIDString = 372CAF7C2B15458300B7956B;
			remoteInfo = video_player;
		};
		372CAF9E2B15458D00B7956B /* PBXContainerItemProxy */ = {
			isa = PBXContainerItemProxy;
			containerPortal = 372CAF752B15458300B7956B /* Project object */;
			proxyType = 1;
			remoteGlobalIDString = 372CAF7C2B15458300B7956B;
			remoteInfo = video_player;
		};
/* End PBXContainerItemProxy section */

/* Begin PBXFileReference section */
		372CAF7D2B15458300B7956B /* video_player.app */ = {isa = PBXFileReference; explicitFileType = wrapper.application; includeInIndex = 0; path = video_player.app; sourceTree = BUILT_PRODUCTS_DIR; };
		372CAF802B15458300B7956B /* AppDelegate.swift */ = {isa = PBXFileReference; lastKnownFileType = sourcecode.swift; path = AppDelegate.swift; sourceTree = "<group>"; };
		372CAF822B15458300B7956B /* SceneDelegate.swift */ = {isa = PBXFileReference; lastKnownFileType = sourcecode.swift; path = SceneDelegate.swift; sourceTree = "<group>"; };
		372CAF842B15458300B7956B /* ViewController.swift */ = {isa = PBXFileReference; lastKnownFileType = sourcecode.swift; path = ViewController.swift; sourceTree = "<group>"; };
		372CAF872B15458300B7956B /* Base */ = {isa = PBXFileReference; lastKnownFileType = file.storyboard; name = Base; path = Base.lproj/Main.storyboard; sourceTree = "<group>"; };
		372CAF892B15458C00B7956B /* Assets.xcassets */ = {isa = PBXFileReference; lastKnownFileType = folder.assetcatalog; path = Assets.xcassets; sourceTree = "<group>"; };
		372CAF8C2B15458C00B7956B /* Base */ = {isa = PBXFileReference; lastKnownFileType = file.storyboard; name = Base; path = Base.lproj/LaunchScreen.storyboard; sourceTree = "<group>"; };
		372CAF8E2B15458C00B7956B /* Info.plist */ = {isa = PBXFileReference; lastKnownFileType = text.plist.xml; path = Info.plist; sourceTree = "<group>"; };
		372CAF932B15458D00B7956B /* video_playerTests.xctest */ = {isa = PBXFileReference; explicitFileType = wrapper.cfbundle; includeInIndex = 0; path = video_playerTests.xctest; sourceTree = BUILT_PRODUCTS_DIR; };
		372CAF972B15458D00B7956B /* video_playerTests.swift */ = {isa = PBXFileReference; lastKnownFileType = sourcecode.swift; path = video_playerTests.swift; sourceTree = "<group>"; };
		372CAF9D2B15458D00B7956B /* video_playerUITests.xctest */ = {isa = PBXFileReference; explicitFileType = wrapper.cfbundle; includeInIndex = 0; path = video_playerUITests.xctest; sourceTree = BUILT_PRODUCTS_DIR; };
		372CAFA12B15458D00B7956B /* video_playerUITests.swift */ = {isa = PBXFileReference; lastKnownFileType = sourcecode.swift; path = video_playerUITests.swift; sourceTree = "<group>"; };
		372CAFA32B15458D00B7956B /* video_playerUITestsLaunchTests.swift */ = {isa = PBXFileReference; lastKnownFileType = sourcecode.swift; path = video_playerUITestsLaunchTests.swift; sourceTree = "<group>"; };
		372CAFB02B1546D100B7956B /* main.storyboard */ = {isa = PBXFileReference; lastKnownFileType = file.storyboard; path = main.storyboard; sourceTree = "<group>"; };
		372CAFB22B1555FA00B7956B /* test.mp4 */ = {isa = PBXFileReference; lastKnownFileType = file; name = test.mp4; path = ../../../../Downloads/test.mp4; sourceTree = "<group>"; };
/* End PBXFileReference section */

/* Begin PBXFrameworksBuildPhase section */
		372CAF7A2B15458300B7956B /* Frameworks */ = {
			isa = PBXFrameworksBuildPhase;
			buildActionMask = 2147483647;
			files = (
			);
			runOnlyForDeploymentPostprocessing = 0;
		};
		372CAF902B15458D00B7956B /* Frameworks */ = {
			isa = PBXFrameworksBuildPhase;
			buildActionMask = 2147483647;
			files = (
			);
			runOnlyForDeploymentPostprocessing = 0;
		};
		372CAF9A2B15458D00B7956B /* Frameworks */ = {
			isa = PBXFrameworksBuildPhase;
			buildActionMask = 2147483647;
			files = (
			);
			runOnlyForDeploymentPostprocessing = 0;
		};
/* End PBXFrameworksBuildPhase section */

/* Begin PBXGroup section */
		372CAF742B15458200B7956B = {
			isa = PBXGroup;
			children = (
				372CAF7F2B15458300B7956B /* video_player */,
				372CAF962B15458D00B7956B /* video_playerTests */,
				372CAFA02B15458D00B7956B /* video_playerUITests */,
				372CAF7E2B15458300B7956B /* Products */,
			);
			sourceTree = "<group>";
		};
		372CAF7E2B15458300B7956B /* Products */ = {
			isa = PBXGroup;
			children = (
				372CAF7D2B15458300B7956B /* video_player.app */,
				372CAF932B15458D00B7956B /* video_playerTests.xctest */,
				372CAF9D2B15458D00B7956B /* video_playerUITests.xctest */,
			);
			name = Products;
			sourceTree = "<group>";
		};
		372CAF7F2B15458300B7956B /* video_player */ = {
			isa = PBXGroup;
			children = (
				372CAFB22B1555FA00B7956B /* test.mp4 */,
				372CAF802B15458300B7956B /* AppDelegate.swift */,
				372CAF822B15458300B7956B /* SceneDelegate.swift */,
				372CAF842B15458300B7956B /* ViewController.swift */,
				372CAF862B15458300B7956B /* Main.storyboard */,
				372CAF892B15458C00B7956B /* Assets.xcassets */,
				372CAF8B2B15458C00B7956B /* LaunchScreen.storyboard */,
				372CAF8E2B15458C00B7956B /* Info.plist */,
				372CAFB02B1546D100B7956B /* main.storyboard */,
			);
			path = video_player;
			sourceTree = "<group>";
		};
		372CAF962B15458D00B7956B /* video_playerTests */ = {
			isa = PBXGroup;
			children = (
				372CAF972B15458D00B7956B /* video_playerTests.swift */,
			);
			path = video_playerTests;
			sourceTree = "<group>";
		};
		372CAFA02B15458D00B7956B /* video_playerUITests */ = {
			isa = PBXGroup;
			children = (
				372CAFA12B15458D00B7956B /* video_playerUITests.swift */,
				372CAFA32B15458D00B7956B /* video_playerUITestsLaunchTests.swift */,
			);
			path = video_playerUITests;
			sourceTree = "<group>";
		};
/* End PBXGroup section */

/* Begin PBXNativeTarget section */
		372CAF7C2B15458300B7956B /* video_player */ = {
			isa = PBXNativeTarget;
			buildConfigurationList = 372CAFA72B15458D00B7956B /* Build configuration list for PBXNativeTarget "video_player" */;
			buildPhases = (
				372CAF792B15458300B7956B /* Sources */,
				372CAF7A2B15458300B7956B /* Frameworks */,
				372CAF7B2B15458300B7956B /* Resources */,
			);
			buildRules = (
			);
			dependencies = (
			);
			name = video_player;
			productName = video_player;
			productReference = 372CAF7D2B15458300B7956B /* video_player.app */;
			productType = "com.apple.product-type.application";
		};
		372CAF922B15458D00B7956B /* video_playerTests */ = {
			isa = PBXNativeTarget;
			buildConfigurationList = 372CAFAA2B15458D00B7956B /* Build configuration list for PBXNativeTarget "video_playerTests" */;
			buildPhases = (
				372CAF8F2B15458D00B7956B /* Sources */,
				372CAF902B15458D00B7956B /* Frameworks */,
				372CAF912B15458D00B7956B /* Resources */,
			);
			buildRules = (
			);
			dependencies = (
				372CAF952B15458D00B7956B /* PBXTargetDependency */,
			);
			name = video_playerTests;
			productName = video_playerTests;
			productReference = 372CAF932B15458D00B7956B /* video_playerTests.xctest */;
			productType = "com.apple.product-type.bundle.unit-test";
		};
		372CAF9C2B15458D00B7956B /* video_playerUITests */ = {
			isa = PBXNativeTarget;
			buildConfigurationList = 372CAFAD2B15458D00B7956B /* Build configuration list for PBXNativeTarget "video_playerUITests" */;
			buildPhases = (
				372CAF992B15458D00B7956B /* Sources */,
				372CAF9A2B15458D00B7956B /* Frameworks */,
				372CAF9B2B15458D00B7956B /* Resources */,
			);
			buildRules = (
			);
			dependencies = (
				372CAF9F2B15458D00B7956B /* PBXTargetDependency */,
			);
			name = video_playerUITests;
			productName = video_playerUITests;
			productReference = 372CAF9D2B15458D00B7956B /* video_playerUITests.xctest */;
			productType = "com.apple.product-type.bundle.ui-testing";
		};
/* End PBXNativeTarget section */

/* Begin PBXProject section */
		372CAF752B15458300B7956B /* Project object */ = {
			isa = PBXProject;
			attributes = {
				BuildIndependentTargetsInParallel = 1;
				LastSwiftUpdateCheck = 1320;
				LastUpgradeCheck = 1320;
				TargetAttributes = {
					372CAF7C2B15458300B7956B = {
						CreatedOnToolsVersion = 13.2.1;
					};
					372CAF922B15458D00B7956B = {
						CreatedOnToolsVersion = 13.2.1;
						TestTargetID = 372CAF7C2B15458300B7956B;
					};
					372CAF9C2B15458D00B7956B = {
						CreatedOnToolsVersion = 13.2.1;
						TestTargetID = 372CAF7C2B15458300B7956B;
					};
				};
			};
			buildConfigurationList = 372CAF782B15458300B7956B /* Build configuration list for PBXProject "video_player" */;
			compatibilityVersion = "Xcode 13.0";
			developmentRegion = en;
			hasScannedForEncodings = 0;
			knownRegions = (
				en,
				Base,
			);
			mainGroup = 372CAF742B15458200B7956B;
			productRefGroup = 372CAF7E2B15458300B7956B /* Products */;
			projectDirPath = "";
			projectRoot = "";
			targets = (
				372CAF7C2B15458300B7956B /* video_player */,
				372CAF922B15458D00B7956B /* video_playerTests */,
				372CAF9C2B15458D00B7956B /* video_playerUITests */,
			);
		};
/* End PBXProject section */

/* Begin PBXResourcesBuildPhase section */
		372CAF7B2B15458300B7956B /* Resources */ = {
			isa = PBXResourcesBuildPhase;
			buildActionMask = 2147483647;
			files = (
				372CAF8D2B15458C00B7956B /* LaunchScreen.storyboard in Resources */,
				372CAF8A2B15458C00B7956B /* Assets.xcassets in Resources */,
				372CAF882B15458300B7956B /* Main.storyboard in Resources */,
				372CAFB32B1555FA00B7956B /* test.mp4 in Resources */,
				372CAFB12B1546D100B7956B /* main.storyboard in Resources */,
			);
			runOnlyForDeploymentPostprocessing = 0;
		};
		372CAF912B15458D00B7956B /* Resources */ = {
			isa = PBXResourcesBuildPhase;
			buildActionMask = 2147483647;
			files = (
			);
			runOnlyForDeploymentPostprocessing = 0;
		};
		372CAF9B2B15458D00B7956B /* Resources */ = {
			isa = PBXResourcesBuildPhase;
			buildActionMask = 2147483647;
			files = (
			);
			runOnlyForDeploymentPostprocessing = 0;
		};
/* End PBXResourcesBuildPhase section */

/* Begin PBXSourcesBuildPhase section */
		372CAF792B15458300B7956B /* Sources */ = {
			isa = PBXSourcesBuildPhase;
			buildActionMask = 2147483647;
			files = (
				372CAF852B15458300B7956B /* ViewController.swift in Sources */,
				372CAF812B15458300B7956B /* AppDelegate.swift in Sources */,
				372CAF832B15458300B7956B /* SceneDelegate.swift in Sources */,
			);
			runOnlyForDeploymentPostprocessing = 0;
		};
		372CAF8F2B15458D00B7956B /* Sources */ = {
			isa = PBXSourcesBuildPhase;
			buildActionMask = 2147483647;
			files = (
				372CAF982B15458D00B7956B /* video_playerTests.swift in Sources */,
			);
			runOnlyForDeploymentPostprocessing = 0;
		};
		372CAF992B15458D00B7956B /* Sources */ = {
			isa = PBXSourcesBuildPhase;
			buildActionMask = 2147483647;
			files = (
				372CAFA22B15458D00B7956B /* video_playerUITests.swift in Sources */,
				372CAFA42B15458D00B7956B /* video_playerUITestsLaunchTests.swift in Sources */,
			);
			runOnlyForDeploymentPostprocessing = 0;
		};
/* End PBXSourcesBuildPhase section */

/* Begin PBXTargetDependency section */
		372CAF952B15458D00B7956B /* PBXTargetDependency */ = {
			isa = PBXTargetDependency;
			target = 372CAF7C2B15458300B7956B /* video_player */;
			targetProxy = 372CAF942B15458D00B7956B /* PBXContainerItemProxy */;
		};
		372CAF9F2B15458D00B7956B /* PBXTargetDependency */ = {
			isa = PBXTargetDependency;
			target = 372CAF7C2B15458300B7956B /* video_player */;
			targetProxy = 372CAF9E2B15458D00B7956B /* PBXContainerItemProxy */;
		};
/* End PBXTargetDependency section */

/* Begin PBXVariantGroup section */
		372CAF862B15458300B7956B /* Main.storyboard */ = {
			isa = PBXVariantGroup;
			children = (
				372CAF872B15458300B7956B /* Base */,
			);
			name = Main.storyboard;
			sourceTree = "<group>";
		};
		372CAF8B2B15458C00B7956B /* LaunchScreen.storyboard */ = {
			isa = PBXVariantGroup;
			children = (
				372CAF8C2B15458C00B7956B /* Base */,
			);
			name = LaunchScreen.storyboard;
			sourceTree = "<group>";
		};
/* End PBXVariantGroup section */

/* Begin XCBuildConfiguration section */
		372CAFA52B15458D00B7956B /* Debug */ = {
			isa = XCBuildConfiguration;
			buildSettings = {
				ALWAYS_SEARCH_USER_PATHS = NO;
				CLANG_ANALYZER_NONNULL = YES;
				CLANG_ANALYZER_NUMBER_OBJECT_CONVERSION = YES_AGGRESSIVE;
				CLANG_CXX_LANGUAGE_STANDARD = "gnu++17";
				CLANG_CXX_LIBRARY = "libc++";
				CLANG_ENABLE_MODULES = YES;
				CLANG_ENABLE_OBJC_ARC = YES;
				CLANG_ENABLE_OBJC_WEAK = YES;
				CLANG_WARN_BLOCK_CAPTURE_AUTORELEASING = YES;
				CLANG_WARN_BOOL_CONVERSION = YES;
				CLANG_WARN_COMMA = YES;
				CLANG_WARN_CONSTANT_CONVERSION = YES;
				CLANG_WARN_DEPRECATED_OBJC_IMPLEMENTATIONS = YES;
				CLANG_WARN_DIRECT_OBJC_ISA_USAGE = YES_ERROR;
				CLANG_WARN_DOCUMENTATION_COMMENTS = YES;
				CLANG_WARN_EMPTY_BODY = YES;
				CLANG_WARN_ENUM_CONVERSION = YES;
				CLANG_WARN_INFINITE_RECURSION = YES;
				CLANG_WARN_INT_CONVERSION = YES;
				CLANG_WARN_NON_LITERAL_NULL_CONVERSION = YES;
				CLANG_WARN_OBJC_IMPLICIT_RETAIN_SELF = YES;
				CLANG_WARN_OBJC_LITERAL_CONVERSION = YES;
				CLANG_WARN_OBJC_ROOT_CLASS = YES_ERROR;
				CLANG_WARN_QUOTED_INCLUDE_IN_FRAMEWORK_HEADER = YES;
				CLANG_WARN_RANGE_LOOP_ANALYSIS = YES;
				CLANG_WARN_STRICT_PROTOTYPES = YES;
				CLANG_WARN_SUSPICIOUS_MOVE = YES;
				CLANG_WARN_UNGUARDED_AVAILABILITY = YES_AGGRESSIVE;
				CLANG_WARN_UNREACHABLE_CODE = YES;
				CLANG_WARN__DUPLICATE_METHOD_MATCH = YES;
				COPY_PHASE_STRIP = NO;
				DEBUG_INFORMATION_FORMAT = dwarf;
				ENABLE_STRICT_OBJC_MSGSEND = YES;
				ENABLE_TESTABILITY = YES;
				GCC_C_LANGUAGE_STANDARD = gnu11;
				GCC_DYNAMIC_NO_PIC = NO;
				GCC_NO_COMMON_BLOCKS = YES;
				GCC_OPTIMIZATION_LEVEL = 0;
				GCC_PREPROCESSOR_DEFINITIONS = (
					"DEBUG=1",
					"$(inherited)",
				);
				GCC_WARN_64_TO_32_BIT_CONVERSION = YES;
				GCC_WARN_ABOUT_RETURN_TYPE = YES_ERROR;
				GCC_WARN_UNDECLARED_SELECTOR = YES;
				GCC_WARN_UNINITIALIZED_AUTOS = YES_AGGRESSIVE;
				GCC_WARN_UNUSED_FUNCTION = YES;
				GCC_WARN_UNUSED_VARIABLE = YES;
				IPHONEOS_DEPLOYMENT_TARGET = 15.2;
				MTL_ENABLE_DEBUG_INFO = INCLUDE_SOURCE;
				MTL_FAST_MATH = YES;
				ONLY_ACTIVE_ARCH = YES;
				SDKROOT = iphoneos;
				SWIFT_ACTIVE_COMPILATION_CONDITIONS = DEBUG;
				SWIFT_OPTIMIZATION_LEVEL = "-Onone";
			};
			name = Debug;
		};
		372CAFA62B15458D00B7956B /* Release */ = {
			isa = XCBuildConfiguration;
			buildSettings = {
				ALWAYS_SEARCH_USER_PATHS = NO;
				CLANG_ANALYZER_NONNULL = YES;
				CLANG_ANALYZER_NUMBER_OBJECT_CONVERSION = YES_AGGRESSIVE;
				CLANG_CXX_LANGUAGE_STANDARD = "gnu++17";
				CLANG_CXX_LIBRARY = "libc++";
				CLANG_ENABLE_MODULES = YES;
				CLANG_ENABLE_OBJC_ARC = YES;
				CLANG_ENABLE_OBJC_WEAK = YES;
				CLANG_WARN_BLOCK_CAPTURE_AUTORELEASING = YES;
				CLANG_WARN_BOOL_CONVERSION = YES;
				CLANG_WARN_COMMA = YES;
				CLANG_WARN_CONSTANT_CONVERSION = YES;
				CLANG_WARN_DEPRECATED_OBJC_IMPLEMENTATIONS = YES;
				CLANG_WARN_DIRECT_OBJC_ISA_USAGE = YES_ERROR;
				CLANG_WARN_DOCUMENTATION_COMMENTS = YES;
				CLANG_WARN_EMPTY_BODY = YES;
				CLANG_WARN_ENUM_CONVERSION = YES;
				CLANG_WARN_INFINITE_RECURSION = YES;
				CLANG_WARN_INT_CONVERSION = YES;
				CLANG_WARN_NON_LITERAL_NULL_CONVERSION = YES;
				CLANG_WARN_OBJC_IMPLICIT_RETAIN_SELF = YES;
				CLANG_WARN_OBJC_LITERAL_CONVERSION = YES;
				CLANG_WARN_OBJC_ROOT_CLASS = YES_ERROR;
				CLANG_WARN_QUOTED_INCLUDE_IN_FRAMEWORK_HEADER = YES;
				CLANG_WARN_RANGE_LOOP_ANALYSIS = YES;
				CLANG_WARN_STRICT_PROTOTYPES = YES;
				CLANG_WARN_SUSPICIOUS_MOVE = YES;
				CLANG_WARN_UNGUARDED_AVAILABILITY = YES_AGGRESSIVE;
				CLANG_WARN_UNREACHABLE_CODE = YES;
				CLANG_WARN__DUPLICATE_METHOD_MATCH = YES;
				COPY_PHASE_STRIP = NO;
				DEBUG_INFORMATION_FORMAT = "dwarf-with-dsym";
				ENABLE_NS_ASSERTIONS = NO;
				ENABLE_STRICT_OBJC_MSGSEND = YES;
				GCC_C_LANGUAGE_STANDARD = gnu11;
				GCC_NO_COMMON_BLOCKS = YES;
				GCC_WARN_64_TO_32_BIT_CONVERSION = YES;
				GCC_WARN_ABOUT_RETURN_TYPE = YES_ERROR;
				GCC_WARN_UNDECLARED_SELECTOR = YES;
				GCC_WARN_UNINITIALIZED_AUTOS = YES_AGGRESSIVE;
				GCC_WARN_UNUSED_FUNCTION = YES;
				GCC_WARN_UNUSED_VARIABLE = YES;
				IPHONEOS_DEPLOYMENT_TARGET = 15.2;
				MTL_ENABLE_DEBUG_INFO = NO;
				MTL_FAST_MATH = YES;
				SDKROOT = iphoneos;
				SWIFT_COMPILATION_MODE = wholemodule;
				SWIFT_OPTIMIZATION_LEVEL = "-O";
				VALIDATE_PRODUCT = YES;
			};
			name = Release;
		};
		372CAFA82B15458D00B7956B /* Debug */ = {
			isa = XCBuildConfiguration;
			buildSettings = {
				ASSETCATALOG_COMPILER_APPICON_NAME = AppIcon;
				ASSETCATALOG_COMPILER_GLOBAL_ACCENT_COLOR_NAME = AccentColor;
				CODE_SIGN_STYLE = Automatic;
				CURRENT_PROJECT_VERSION = 1;
				GENERATE_INFOPLIST_FILE = YES;
				INFOPLIST_FILE = video_player/Info.plist;
				INFOPLIST_KEY_UIApplicationSupportsIndirectInputEvents = YES;
				INFOPLIST_KEY_UILaunchStoryboardName = LaunchScreen;
				INFOPLIST_KEY_UIMainStoryboardFile = Main;
				INFOPLIST_KEY_UISupportedInterfaceOrientations_iPad = "UIInterfaceOrientationPortrait UIInterfaceOrientationPortraitUpsideDown UIInterfaceOrientationLandscapeLeft UIInterfaceOrientationLandscapeRight";
				INFOPLIST_KEY_UISupportedInterfaceOrientations_iPhone = "UIInterfaceOrientationPortrait UIInterfaceOrientationLandscapeLeft UIInterfaceOrientationLandscapeRight";
				LD_RUNPATH_SEARCH_PATHS = (
					"$(inherited)",
					"@executable_path/Frameworks",
				);
				MARKETING_VERSION = 1.0;
				PRODUCT_BUNDLE_IDENTIFIER = "conan.video-player";
				PRODUCT_NAME = "$(TARGET_NAME)";
				SWIFT_EMIT_LOC_STRINGS = YES;
				SWIFT_VERSION = 5.0;
				TARGETED_DEVICE_FAMILY = "1,2";
			};
			name = Debug;
		};
		372CAFA92B15458D00B7956B /* Release */ = {
			isa = XCBuildConfiguration;
			buildSettings = {
				ASSETCATALOG_COMPILER_APPICON_NAME = AppIcon;
				ASSETCATALOG_COMPILER_GLOBAL_ACCENT_COLOR_NAME = AccentColor;
				CODE_SIGN_STYLE = Automatic;
				CURRENT_PROJECT_VERSION = 1;
				GENERATE_INFOPLIST_FILE = YES;
				INFOPLIST_FILE = video_player/Info.plist;
				INFOPLIST_KEY_UIApplicationSupportsIndirectInputEvents = YES;
				INFOPLIST_KEY_UILaunchStoryboardName = LaunchScreen;
				INFOPLIST_KEY_UIMainStoryboardFile = Main;
				INFOPLIST_KEY_UISupportedInterfaceOrientations_iPad = "UIInterfaceOrientationPortrait UIInterfaceOrientationPortraitUpsideDown UIInterfaceOrientationLandscapeLeft UIInterfaceOrientationLandscapeRight";
				INFOPLIST_KEY_UISupportedInterfaceOrientations_iPhone = "UIInterfaceOrientationPortrait UIInterfaceOrientationLandscapeLeft UIInterfaceOrientationLandscapeRight";
				LD_RUNPATH_SEARCH_PATHS = (
					"$(inherited)",
					"@executable_path/Frameworks",
				);
				MARKETING_VERSION = 1.0;
				PRODUCT_BUNDLE_IDENTIFIER = "conan.video-player";
				PRODUCT_NAME = "$(TARGET_NAME)";
				SWIFT_EMIT_LOC_STRINGS = YES;
				SWIFT_VERSION = 5.0;
				TARGETED_DEVICE_FAMILY = "1,2";
			};
			name = Release;
		};
		372CAFAB2B15458D00B7956B /* Debug */ = {
			isa = XCBuildConfiguration;
			buildSettings = {
				ALWAYS_EMBED_SWIFT_STANDARD_LIBRARIES = YES;
				BUNDLE_LOADER = "$(TEST_HOST)";
				CODE_SIGN_STYLE = Automatic;
				CURRENT_PROJECT_VERSION = 1;
				GENERATE_INFOPLIST_FILE = YES;
				IPHONEOS_DEPLOYMENT_TARGET = 15.2;
				MARKETING_VERSION = 1.0;
				PRODUCT_BUNDLE_IDENTIFIER = "conan.video-playerTests";
				PRODUCT_NAME = "$(TARGET_NAME)";
				SWIFT_EMIT_LOC_STRINGS = NO;
				SWIFT_VERSION = 5.0;
				TARGETED_DEVICE_FAMILY = "1,2";
				TEST_HOST = "$(BUILT_PRODUCTS_DIR)/video_player.app/video_player";
			};
			name = Debug;
		};
		372CAFAC2B15458D00B7956B /* Release */ = {
			isa = XCBuildConfiguration;
			buildSettings = {
				ALWAYS_EMBED_SWIFT_STANDARD_LIBRARIES = YES;
				BUNDLE_LOADER = "$(TEST_HOST)";
				CODE_SIGN_STYLE = Automatic;
				CURRENT_PROJECT_VERSION = 1;
				GENERATE_INFOPLIST_FILE = YES;
				IPHONEOS_DEPLOYMENT_TARGET = 15.2;
				MARKETING_VERSION = 1.0;
				PRODUCT_BUNDLE_IDENTIFIER = "conan.video-playerTests";
				PRODUCT_NAME = "$(TARGET_NAME)";
				SWIFT_EMIT_LOC_STRINGS = NO;
				SWIFT_VERSION = 5.0;
				TARGETED_DEVICE_FAMILY = "1,2";
				TEST_HOST = "$(BUILT_PRODUCTS_DIR)/video_player.app/video_player";
			};
			name = Release;
		};
		372CAFAE2B15458D00B7956B /* Debug */ = {
			isa = XCBuildConfiguration;
			buildSettings = {
				ALWAYS_EMBED_SWIFT_STANDARD_LIBRARIES = YES;
				CODE_SIGN_STYLE = Automatic;
				CURRENT_PROJECT_VERSION = 1;
				GENERATE_INFOPLIST_FILE = YES;
				MARKETING_VERSION = 1.0;
				PRODUCT_BUNDLE_IDENTIFIER = "conan.video-playerUITests";
				PRODUCT_NAME = "$(TARGET_NAME)";
				SWIFT_EMIT_LOC_STRINGS = NO;
				SWIFT_VERSION = 5.0;
				TARGETED_DEVICE_FAMILY = "1,2";
				TEST_TARGET_NAME = video_player;
			};
			name = Debug;
		};
		372CAFAF2B15458D00B7956B /* Release */ = {
			isa = XCBuildConfiguration;
			buildSettings = {
				ALWAYS_EMBED_SWIFT_STANDARD_LIBRARIES = YES;
				CODE_SIGN_STYLE = Automatic;
				CURRENT_PROJECT_VERSION = 1;
				GENERATE_INFOPLIST_FILE = YES;
				MARKETING_VERSION = 1.0;
				PRODUCT_BUNDLE_IDENTIFIER = "conan.video-playerUITests";
				PRODUCT_NAME = "$(TARGET_NAME)";
				SWIFT_EMIT_LOC_STRINGS = NO;
				SWIFT_VERSION = 5.0;
				TARGETED_DEVICE_FAMILY = "1,2";
				TEST_TARGET_NAME = video_player;
			};
			name = Release;
		};
/* End XCBuildConfiguration section */

/* Begin XCConfigurationList section */
		372CAF782B15458300B7956B /* Build configuration list for PBXProject "video_player" */ = {
			isa = XCConfigurationList;
			buildConfigurations = (
				372CAFA52B15458D00B7956B /* Debug */,
				372CAFA62B15458D00B7956B /* Release */,
			);
			defaultConfigurationIsVisible = 0;
			defaultConfigurationName = Release;
		};
		372CAFA72B15458D00B7956B /* Build configuration list for PBXNativeTarget "video_player" */ = {
			isa = XCConfigurationList;
			buildConfigurations = (
				372CAFA82B15458D00B7956B /* Debug */,
				372CAFA92B15458D00B7956B /* Release */,
			);
			defaultConfigurationIsVisible = 0;
			defaultConfigurationName = Release;
		};
		372CAFAA2B15458D00B7956B /* Build configuration list for PBXNativeTarget "video_playerTests" */ = {
			isa = XCConfigurationList;
			buildConfigurations = (
				372CAFAB2B15458D00B7956B /* Debug */,
				372CAFAC2B15458D00B7956B /* Release */,
			);
			defaultConfigurationIsVisible = 0;
			defaultConfigurationName = Release;
		};
		372CAFAD2B15458D00B7956B /* Build configuration list for PBXNativeTarget "video_playerUITests" */ = {
			isa = XCConfigurationList;
			buildConfigurations = (
				372CAFAE2B15458D00B7956B /* Debug */,
				372CAFAF2B15458D00B7956B /* Release */,
			);
			defaultConfigurationIsVisible = 0;
			defaultConfigurationName = Release;
		};
/* End XCConfigurationList section */
	};
	rootObject = 372CAF752B15458300B7956B /* Project object */;
}
